
Microsoft Visual Studio Solution File, Format Version 12.00
# Visual Studio Version 16
VisualStudioVersion = 16.0.29306.81
MinimumVisualStudioVersion = 10.0.40219.1
Project("{FAE04EC0-301F-11D3-BF4B-00C04F79EFBC}") = "NightClub", "NightClub\NightClub.csproj", "{62F8D1ED-B190-4B5C-9F34-7D621DA5735A}"
EndProject
Global
	GlobalSection(SolutionConfigurationPlatforms) = preSolution
		Debug|Any CPU = Debug|Any CPU
		Release|Any CPU = Release|Any CPU
	EndGlobalSection
	GlobalSection(ProjectConfigurationPlatforms) = postSolution
		{62F8D1ED-B190-4B5C-9F34-7D621DA5735A}.Debug|Any CPU.ActiveCfg = Debug|Any CPU
		{62F8D1ED-B190-4B5C-9F34-7D621DA5735A}.Debug|Any CPU.Build.0 = Debug|Any CPU
		{62F8D1ED-B190-4B5C-9F34-7D621DA5735A}.Release|Any CPU.ActiveCfg = Release|Any CPU
		{62F8D1ED-B190-4B5C-9F34-7D621DA5735A}.Release|Any CPU.Build.0 = Release|Any CPU
	EndGlobalSection
	GlobalSection(SolutionProperties) = preSolution
		HideSolutionNode = FALSE
	EndGlobalSection
	GlobalSection(ExtensibilityGlobals) = postSolution
		SolutionGuid = {248C4270-C2CF-4A2C-95EE-576923D166D1}
	EndGlobalSection
EndGlobal
